// !$*UTF8*$!
{
	archiveVersion = 1;
	classes = {
	};
	objectVersion = 56;
	objects = {

/* Begin PBXBuildFile section */
		DB9C22522A18C61300656BC7 /* ArticleTest.swift in Sources */ = {isa = PBXBuildFile; fileRef = DB9C22512A18C61300656BC7 /* ArticleTest.swift */; };
		DB9C22622A1A188300656BC7 /* testLBCApp.swift in Sources */ = {isa = PBXBuildFile; fileRef = DB9C22612A1A188300656BC7 /* testLBCApp.swift */; };
		DB9C22652A1A196100656BC7 /* ArticleViewModel.swift in Sources */ = {isa = PBXBuildFile; fileRef = DB9C22642A1A196100656BC7 /* ArticleViewModel.swift */; };
		DB9C22672A1A1A3700656BC7 /* ArticleViewModel+DownloadManager.swift in Sources */ = {isa = PBXBuildFile; fileRef = DB9C22662A1A1A3700656BC7 /* ArticleViewModel+DownloadManager.swift */; };
		DB9C226C2A1A7D4000656BC7 /* ArticleDetailledView.swift in Sources */ = {isa = PBXBuildFile; fileRef = DB9C226B2A1A7D4000656BC7 /* ArticleDetailledView.swift */; };
		DB9C226E2A1B611400656BC7 /* CategoriesManages.swift in Sources */ = {isa = PBXBuildFile; fileRef = DB9C226D2A1B611400656BC7 /* CategoriesManages.swift */; };
		DBC525D12A14D78A0007A75F /* ArticleView.swift in Sources */ = {isa = PBXBuildFile; fileRef = DBC525D02A14D78A0007A75F /* ArticleView.swift */; };
		DBC525D32A14D78B0007A75F /* Assets.xcassets in Resources */ = {isa = PBXBuildFile; fileRef = DBC525D22A14D78B0007A75F /* Assets.xcassets */; };
		DBC525D62A14D78B0007A75F /* Preview Assets.xcassets in Resources */ = {isa = PBXBuildFile; fileRef = DBC525D52A14D78B0007A75F /* Preview Assets.xcassets */; };
		DBC525E02A14D78C0007A75F /* testLBCTests.swift in Sources */ = {isa = PBXBuildFile; fileRef = DBC525DF2A14D78C0007A75F /* testLBCTests.swift */; };
		DBC525FA2A161EB30007A75F /* TestArticles.json in Resources */ = {isa = PBXBuildFile; fileRef = DBC525F92A161EB30007A75F /* TestArticles.json */; };
		DBC525FC2A161EE30007A75F /* TestCategories.json in Resources */ = {isa = PBXBuildFile; fileRef = DBC525FB2A161EE30007A75F /* TestCategories.json */; };
		DBC525FF2A16201B0007A75F /* ArticleCategory.swift in Sources */ = {isa = PBXBuildFile; fileRef = DBC525FE2A16201B0007A75F /* ArticleCategory.swift */; };
		DBC526012A16205A0007A75F /* Article.swift in Sources */ = {isa = PBXBuildFile; fileRef = DBC526002A16205A0007A75F /* Article.swift */; };
		DBC526032A1680C30007A75F /* CategoriesTest.swift in Sources */ = {isa = PBXBuildFile; fileRef = DBC526022A1680C30007A75F /* CategoriesTest.swift */; };
/* End PBXBuildFile section */

/* Begin PBXContainerItemProxy section */
		DBC525DC2A14D78C0007A75F /* PBXContainerItemProxy */ = {
			isa = PBXContainerItemProxy;
			containerPortal = DBC525C32A14D78A0007A75F /* Project object */;
			proxyType = 1;
			remoteGlobalIDString = DBC525CA2A14D78A0007A75F;
			remoteInfo = testLBC;
		};
/* End PBXContainerItemProxy section */

/* Begin PBXFileReference section */
		DB9C22512A18C61300656BC7 /* ArticleTest.swift */ = {isa = PBXFileReference; lastKnownFileType = sourcecode.swift; path = ArticleTest.swift; sourceTree = "<group>"; };
		DB9C22612A1A188300656BC7 /* testLBCApp.swift */ = {isa = PBXFileReference; fileEncoding = 4; lastKnownFileType = sourcecode.swift; path = testLBCApp.swift; sourceTree = "<group>"; };
		DB9C22642A1A196100656BC7 /* ArticleViewModel.swift */ = {isa = PBXFileReference; lastKnownFileType = sourcecode.swift; path = ArticleViewModel.swift; sourceTree = "<group>"; };
		DB9C22662A1A1A3700656BC7 /* ArticleViewModel+DownloadManager.swift */ = {isa = PBXFileReference; lastKnownFileType = sourcecode.swift; path = "ArticleViewModel+DownloadManager.swift"; sourceTree = "<group>"; };
		DB9C226B2A1A7D4000656BC7 /* ArticleDetailledView.swift */ = {isa = PBXFileReference; lastKnownFileType = sourcecode.swift; path = ArticleDetailledView.swift; sourceTree = "<group>"; };
		DB9C226D2A1B611400656BC7 /* CategoriesManages.swift */ = {isa = PBXFileReference; lastKnownFileType = sourcecode.swift; path = CategoriesManages.swift; sourceTree = "<group>"; };
		DBC525CB2A14D78A0007A75F /* testLBC.app */ = {isa = PBXFileReference; explicitFileType = wrapper.application; includeInIndex = 0; path = testLBC.app; sourceTree = BUILT_PRODUCTS_DIR; };
		DBC525D02A14D78A0007A75F /* ArticleView.swift */ = {isa = PBXFileReference; lastKnownFileType = sourcecode.swift; path = ArticleView.swift; sourceTree = "<group>"; };
		DBC525D22A14D78B0007A75F /* Assets.xcassets */ = {isa = PBXFileReference; lastKnownFileType = folder.assetcatalog; path = Assets.xcassets; sourceTree = "<group>"; };
		DBC525D52A14D78B0007A75F /* Preview Assets.xcassets */ = {isa = PBXFileReference; lastKnownFileType = folder.assetcatalog; path = "Preview Assets.xcassets"; sourceTree = "<group>"; };
		DBC525DB2A14D78C0007A75F /* testLBCTests.xctest */ = {isa = PBXFileReference; explicitFileType = wrapper.cfbundle; includeInIndex = 0; path = testLBCTests.xctest; sourceTree = BUILT_PRODUCTS_DIR; };
		DBC525DF2A14D78C0007A75F /* testLBCTests.swift */ = {isa = PBXFileReference; lastKnownFileType = sourcecode.swift; path = testLBCTests.swift; sourceTree = "<group>"; };
		DBC525F92A161EB30007A75F /* TestArticles.json */ = {isa = PBXFileReference; lastKnownFileType = text.json; path = TestArticles.json; sourceTree = "<group>"; };
		DBC525FB2A161EE30007A75F /* TestCategories.json */ = {isa = PBXFileReference; lastKnownFileType = text.json; path = TestCategories.json; sourceTree = "<group>"; };
		DBC525FE2A16201B0007A75F /* ArticleCategory.swift */ = {isa = PBXFileReference; lastKnownFileType = sourcecode.swift; path = ArticleCategory.swift; sourceTree = "<group>"; };
		DBC526002A16205A0007A75F /* Article.swift */ = {isa = PBXFileReference; lastKnownFileType = sourcecode.swift; path = Article.swift; sourceTree = "<group>"; };
		DBC526022A1680C30007A75F /* CategoriesTest.swift */ = {isa = PBXFileReference; lastKnownFileType = sourcecode.swift; path = CategoriesTest.swift; sourceTree = "<group>"; };
/* End PBXFileReference section */

/* Begin PBXFrameworksBuildPhase section */
		DBC525C82A14D78A0007A75F /* Frameworks */ = {
			isa = PBXFrameworksBuildPhase;
			buildActionMask = 2147483647;
			files = (
			);
			runOnlyForDeploymentPostprocessing = 0;
		};
		DBC525D82A14D78C0007A75F /* Frameworks */ = {
			isa = PBXFrameworksBuildPhase;
			buildActionMask = 2147483647;
			files = (
			);
			runOnlyForDeploymentPostprocessing = 0;
		};
/* End PBXFrameworksBuildPhase section */

/* Begin PBXGroup section */
		DB9C226A2A1A7D1C00656BC7 /* Views */ = {
			isa = PBXGroup;
			children = (
				DBC525D02A14D78A0007A75F /* ArticleView.swift */,
				DB9C226B2A1A7D4000656BC7 /* ArticleDetailledView.swift */,
			);
			path = Views;
			sourceTree = "<group>";
		};
		DB9C226F2A1B613800656BC7 /* ViewModel */ = {
			isa = PBXGroup;
			children = (
				DB9C22642A1A196100656BC7 /* ArticleViewModel.swift */,
				DB9C22662A1A1A3700656BC7 /* ArticleViewModel+DownloadManager.swift */,
			);
			path = ViewModel;
			sourceTree = "<group>";
		};
		DBC525C22A14D78A0007A75F = {
			isa = PBXGroup;
			children = (
				DBC525CD2A14D78A0007A75F /* testLBC */,
				DBC525DE2A14D78C0007A75F /* testLBCTests */,
				DBC525CC2A14D78A0007A75F /* Products */,
			);
			sourceTree = "<group>";
		};
		DBC525CC2A14D78A0007A75F /* Products */ = {
			isa = PBXGroup;
			children = (
				DBC525CB2A14D78A0007A75F /* testLBC.app */,
				DBC525DB2A14D78C0007A75F /* testLBCTests.xctest */,
			);
			name = Products;
			sourceTree = "<group>";
		};
		DBC525CD2A14D78A0007A75F /* testLBC */ = {
			isa = PBXGroup;
			children = (
				DB9C22612A1A188300656BC7 /* testLBCApp.swift */,
				DB9C226F2A1B613800656BC7 /* ViewModel */,
				DB9C226A2A1A7D1C00656BC7 /* Views */,
				DBC525FD2A1620090007A75F /* Models */,
				DBC525D22A14D78B0007A75F /* Assets.xcassets */,
				DBC525D42A14D78B0007A75F /* Preview Content */,
			);
			path = testLBC;
			sourceTree = "<group>";
		};
		DBC525D42A14D78B0007A75F /* Preview Content */ = {
			isa = PBXGroup;
			children = (
				DBC525D52A14D78B0007A75F /* Preview Assets.xcassets */,
			);
			path = "Preview Content";
			sourceTree = "<group>";
		};
		DBC525DE2A14D78C0007A75F /* testLBCTests */ = {
			isa = PBXGroup;
			children = (
				DBC525F82A161D7F0007A75F /* Ressources */,
				DBC525DF2A14D78C0007A75F /* testLBCTests.swift */,
				DBC526022A1680C30007A75F /* CategoriesTest.swift */,
				DB9C22512A18C61300656BC7 /* ArticleTest.swift */,
			);
			path = testLBCTests;
			sourceTree = "<group>";
		};
		DBC525F82A161D7F0007A75F /* Ressources */ = {
			isa = PBXGroup;
			children = (
				DBC525F92A161EB30007A75F /* TestArticles.json */,
				DBC525FB2A161EE30007A75F /* TestCategories.json */,
			);
			path = Ressources;
			sourceTree = "<group>";
		};
		DBC525FD2A1620090007A75F /* Models */ = {
			isa = PBXGroup;
			children = (
				DBC526002A16205A0007A75F /* Article.swift */,
				DBC525FE2A16201B0007A75F /* ArticleCategory.swift */,
				DB9C226D2A1B611400656BC7 /* CategoriesManages.swift */,
			);
			path = Models;
			sourceTree = "<group>";
		};
/* End PBXGroup section */

/* Begin PBXNativeTarget section */
		DBC525CA2A14D78A0007A75F /* testLBC */ = {
			isa = PBXNativeTarget;
			buildConfigurationList = DBC525EF2A14D78C0007A75F /* Build configuration list for PBXNativeTarget "testLBC" */;
			buildPhases = (
				DBC525C72A14D78A0007A75F /* Sources */,
				DBC525C82A14D78A0007A75F /* Frameworks */,
				DBC525C92A14D78A0007A75F /* Resources */,
			);
			buildRules = (
			);
			dependencies = (
			);
			name = testLBC;
			productName = testLBC;
			productReference = DBC525CB2A14D78A0007A75F /* testLBC.app */;
			productType = "com.apple.product-type.application";
		};
		DBC525DA2A14D78C0007A75F /* testLBCTests */ = {
			isa = PBXNativeTarget;
			buildConfigurationList = DBC525F22A14D78C0007A75F /* Build configuration list for PBXNativeTarget "testLBCTests" */;
			buildPhases = (
				DBC525D72A14D78C0007A75F /* Sources */,
				DBC525D82A14D78C0007A75F /* Frameworks */,
				DBC525D92A14D78C0007A75F /* Resources */,
			);
			buildRules = (
			);
			dependencies = (
				DBC525DD2A14D78C0007A75F /* PBXTargetDependency */,
			);
			name = testLBCTests;
			productName = testLBCTests;
			productReference = DBC525DB2A14D78C0007A75F /* testLBCTests.xctest */;
			productType = "com.apple.product-type.bundle.unit-test";
		};
/* End PBXNativeTarget section */

/* Begin PBXProject section */
		DBC525C32A14D78A0007A75F /* Project object */ = {
			isa = PBXProject;
			attributes = {
				BuildIndependentTargetsInParallel = 1;
				LastSwiftUpdateCheck = 1420;
				LastUpgradeCheck = 1420;
				TargetAttributes = {
					DBC525CA2A14D78A0007A75F = {
						CreatedOnToolsVersion = 14.2;
					};
					DBC525DA2A14D78C0007A75F = {
						CreatedOnToolsVersion = 14.2;
						TestTargetID = DBC525CA2A14D78A0007A75F;
					};
				};
			};
			buildConfigurationList = DBC525C62A14D78A0007A75F /* Build configuration list for PBXProject "testLBC" */;
			compatibilityVersion = "Xcode 14.0";
			developmentRegion = en;
			hasScannedForEncodings = 0;
			knownRegions = (
				en,
				Base,
			);
			mainGroup = DBC525C22A14D78A0007A75F;
			productRefGroup = DBC525CC2A14D78A0007A75F /* Products */;
			projectDirPath = "";
			projectRoot = "";
			targets = (
				DBC525CA2A14D78A0007A75F /* testLBC */,
				DBC525DA2A14D78C0007A75F /* testLBCTests */,
			);
		};
/* End PBXProject section */

/* Begin PBXResourcesBuildPhase section */
		DBC525C92A14D78A0007A75F /* Resources */ = {
			isa = PBXResourcesBuildPhase;
			buildActionMask = 2147483647;
			files = (
				DBC525D62A14D78B0007A75F /* Preview Assets.xcassets in Resources */,
				DBC525D32A14D78B0007A75F /* Assets.xcassets in Resources */,
			);
			runOnlyForDeploymentPostprocessing = 0;
		};
		DBC525D92A14D78C0007A75F /* Resources */ = {
			isa = PBXResourcesBuildPhase;
			buildActionMask = 2147483647;
			files = (
				DBC525FA2A161EB30007A75F /* TestArticles.json in Resources */,
				DBC525FC2A161EE30007A75F /* TestCategories.json in Resources */,
			);
			runOnlyForDeploymentPostprocessing = 0;
		};
/* End PBXResourcesBuildPhase section */

/* Begin PBXSourcesBuildPhase section */
		DBC525C72A14D78A0007A75F /* Sources */ = {
			isa = PBXSourcesBuildPhase;
			buildActionMask = 2147483647;
			files = (
				DB9C226C2A1A7D4000656BC7 /* ArticleDetailledView.swift in Sources */,
				DBC526012A16205A0007A75F /* Article.swift in Sources */,
				DBC525D12A14D78A0007A75F /* ArticleView.swift in Sources */,
				DB9C22622A1A188300656BC7 /* testLBCApp.swift in Sources */,
				DB9C226E2A1B611400656BC7 /* CategoriesManages.swift in Sources */,
				DB9C22652A1A196100656BC7 /* ArticleViewModel.swift in Sources */,
				DBC525FF2A16201B0007A75F /* ArticleCategory.swift in Sources */,
				DB9C22672A1A1A3700656BC7 /* ArticleViewModel+DownloadManager.swift in Sources */,
			);
			runOnlyForDeploymentPostprocessing = 0;
		};
		DBC525D72A14D78C0007A75F /* Sources */ = {
			isa = PBXSourcesBuildPhase;
			buildActionMask = 2147483647;
			files = (
				DBC525E02A14D78C0007A75F /* testLBCTests.swift in Sources */,
				DB9C22522A18C61300656BC7 /* ArticleTest.swift in Sources */,
				DBC526032A1680C30007A75F /* CategoriesTest.swift in Sources */,
			);
			runOnlyForDeploymentPostprocessing = 0;
		};
/* End PBXSourcesBuildPhase section */

/* Begin PBXTargetDependency section */
		DBC525DD2A14D78C0007A75F /* PBXTargetDependency */ = {
			isa = PBXTargetDependency;
			target = DBC525CA2A14D78A0007A75F /* testLBC */;
			targetProxy = DBC525DC2A14D78C0007A75F /* PBXContainerItemProxy */;
		};
/* End PBXTargetDependency section */

/* Begin XCBuildConfiguration section */
		DBC525ED2A14D78C0007A75F /* Debug */ = {
			isa = XCBuildConfiguration;
			buildSettings = {
				ALWAYS_SEARCH_USER_PATHS = NO;
				CLANG_ANALYZER_NONNULL = YES;
				CLANG_ANALYZER_NUMBER_OBJECT_CONVERSION = YES_AGGRESSIVE;
				CLANG_CXX_LANGUAGE_STANDARD = "gnu++20";
				CLANG_ENABLE_MODULES = YES;
				CLANG_ENABLE_OBJC_ARC = YES;
				CLANG_ENABLE_OBJC_WEAK = YES;
				CLANG_WARN_BLOCK_CAPTURE_AUTORELEASING = YES;
				CLANG_WARN_BOOL_CONVERSION = YES;
				CLANG_WARN_COMMA = YES;
				CLANG_WARN_CONSTANT_CONVERSION = YES;
				CLANG_WARN_DEPRECATED_OBJC_IMPLEMENTATIONS = YES;
				CLANG_WARN_DIRECT_OBJC_ISA_USAGE = YES_ERROR;
				CLANG_WARN_DOCUMENTATION_COMMENTS = YES;
				CLANG_WARN_EMPTY_BODY = YES;
				CLANG_WARN_ENUM_CONVERSION = YES;
				CLANG_WARN_INFINITE_RECURSION = YES;
				CLANG_WARN_INT_CONVERSION = YES;
				CLANG_WARN_NON_LITERAL_NULL_CONVERSION = YES;
				CLANG_WARN_OBJC_IMPLICIT_RETAIN_SELF = YES;
				CLANG_WARN_OBJC_LITERAL_CONVERSION = YES;
				CLANG_WARN_OBJC_ROOT_CLASS = YES_ERROR;
				CLANG_WARN_QUOTED_INCLUDE_IN_FRAMEWORK_HEADER = YES;
				CLANG_WARN_RANGE_LOOP_ANALYSIS = YES;
				CLANG_WARN_STRICT_PROTOTYPES = YES;
				CLANG_WARN_SUSPICIOUS_MOVE = YES;
				CLANG_WARN_UNGUARDED_AVAILABILITY = YES_AGGRESSIVE;
				CLANG_WARN_UNREACHABLE_CODE = YES;
				CLANG_WARN__DUPLICATE_METHOD_MATCH = YES;
				COPY_PHASE_STRIP = NO;
				DEBUG_INFORMATION_FORMAT = dwarf;
				ENABLE_STRICT_OBJC_MSGSEND = YES;
				ENABLE_TESTABILITY = YES;
				GCC_C_LANGUAGE_STANDARD = gnu11;
				GCC_DYNAMIC_NO_PIC = NO;
				GCC_NO_COMMON_BLOCKS = YES;
				GCC_OPTIMIZATION_LEVEL = 0;
				GCC_PREPROCESSOR_DEFINITIONS = (
					"DEBUG=1",
					"$(inherited)",
				);
				GCC_WARN_64_TO_32_BIT_CONVERSION = YES;
				GCC_WARN_ABOUT_RETURN_TYPE = YES_ERROR;
				GCC_WARN_UNDECLARED_SELECTOR = YES;
				GCC_WARN_UNINITIALIZED_AUTOS = YES_AGGRESSIVE;
				GCC_WARN_UNUSED_FUNCTION = YES;
				GCC_WARN_UNUSED_VARIABLE = YES;
				IPHONEOS_DEPLOYMENT_TARGET = 16.2;
				MTL_ENABLE_DEBUG_INFO = INCLUDE_SOURCE;
				MTL_FAST_MATH = YES;
				ONLY_ACTIVE_ARCH = YES;
				SDKROOT = iphoneos;
				SWIFT_ACTIVE_COMPILATION_CONDITIONS = DEBUG;
				SWIFT_OPTIMIZATION_LEVEL = "-Onone";
			};
			name = Debug;
		};
		DBC525EE2A14D78C0007A75F /* Release */ = {
			isa = XCBuildConfiguration;
			buildSettings = {
				ALWAYS_SEARCH_USER_PATHS = NO;
				CLANG_ANALYZER_NONNULL = YES;
				CLANG_ANALYZER_NUMBER_OBJECT_CONVERSION = YES_AGGRESSIVE;
				CLANG_CXX_LANGUAGE_STANDARD = "gnu++20";
				CLANG_ENABLE_MODULES = YES;
				CLANG_ENABLE_OBJC_ARC = YES;
				CLANG_ENABLE_OBJC_WEAK = YES;
				CLANG_WARN_BLOCK_CAPTURE_AUTORELEASING = YES;
				CLANG_WARN_BOOL_CONVERSION = YES;
				CLANG_WARN_COMMA = YES;
				CLANG_WARN_CONSTANT_CONVERSION = YES;
				CLANG_WARN_DEPRECATED_OBJC_IMPLEMENTATIONS = YES;
				CLANG_WARN_DIRECT_OBJC_ISA_USAGE = YES_ERROR;
				CLANG_WARN_DOCUMENTATION_COMMENTS = YES;
				CLANG_WARN_EMPTY_BODY = YES;
				CLANG_WARN_ENUM_CONVERSION = YES;
				CLANG_WARN_INFINITE_RECURSION = YES;
				CLANG_WARN_INT_CONVERSION = YES;
				CLANG_WARN_NON_LITERAL_NULL_CONVERSION = YES;
				CLANG_WARN_OBJC_IMPLICIT_RETAIN_SELF = YES;
				CLANG_WARN_OBJC_LITERAL_CONVERSION = YES;
				CLANG_WARN_OBJC_ROOT_CLASS = YES_ERROR;
				CLANG_WARN_QUOTED_INCLUDE_IN_FRAMEWORK_HEADER = YES;
				CLANG_WARN_RANGE_LOOP_ANALYSIS = YES;
				CLANG_WARN_STRICT_PROTOTYPES = YES;
				CLANG_WARN_SUSPICIOUS_MOVE = YES;
				CLANG_WARN_UNGUARDED_AVAILABILITY = YES_AGGRESSIVE;
				CLANG_WARN_UNREACHABLE_CODE = YES;
				CLANG_WARN__DUPLICATE_METHOD_MATCH = YES;
				COPY_PHASE_STRIP = NO;
				DEBUG_INFORMATION_FORMAT = "dwarf-with-dsym";
				ENABLE_NS_ASSERTIONS = NO;
				ENABLE_STRICT_OBJC_MSGSEND = YES;
				GCC_C_LANGUAGE_STANDARD = gnu11;
				GCC_NO_COMMON_BLOCKS = YES;
				GCC_WARN_64_TO_32_BIT_CONVERSION = YES;
				GCC_WARN_ABOUT_RETURN_TYPE = YES_ERROR;
				GCC_WARN_UNDECLARED_SELECTOR = YES;
				GCC_WARN_UNINITIALIZED_AUTOS = YES_AGGRESSIVE;
				GCC_WARN_UNUSED_FUNCTION = YES;
				GCC_WARN_UNUSED_VARIABLE = YES;
				IPHONEOS_DEPLOYMENT_TARGET = 16.2;
				MTL_ENABLE_DEBUG_INFO = NO;
				MTL_FAST_MATH = YES;
				SDKROOT = iphoneos;
				SWIFT_COMPILATION_MODE = wholemodule;
				SWIFT_OPTIMIZATION_LEVEL = "-O";
				VALIDATE_PRODUCT = YES;
			};
			name = Release;
		};
		DBC525F02A14D78C0007A75F /* Debug */ = {
			isa = XCBuildConfiguration;
			buildSettings = {
				ASSETCATALOG_COMPILER_APPICON_NAME = AppIcon;
				ASSETCATALOG_COMPILER_GLOBAL_ACCENT_COLOR_NAME = AccentColor;
				CODE_SIGN_STYLE = Automatic;
				CURRENT_PROJECT_VERSION = 1;
				DEVELOPMENT_ASSET_PATHS = "\"testLBC/Preview Content\"";
				DEVELOPMENT_TEAM = LXUS44RH3Q;
				ENABLE_PREVIEWS = YES;
				GENERATE_INFOPLIST_FILE = YES;
				INFOPLIST_KEY_UIApplicationSceneManifest_Generation = YES;
				INFOPLIST_KEY_UIApplicationSupportsIndirectInputEvents = YES;
				INFOPLIST_KEY_UILaunchScreen_Generation = YES;
				INFOPLIST_KEY_UISupportedInterfaceOrientations_iPad = "UIInterfaceOrientationPortrait UIInterfaceOrientationPortraitUpsideDown UIInterfaceOrientationLandscapeLeft UIInterfaceOrientationLandscapeRight";
				INFOPLIST_KEY_UISupportedInterfaceOrientations_iPhone = "UIInterfaceOrientationPortrait UIInterfaceOrientationLandscapeLeft UIInterfaceOrientationLandscapeRight";
				IPHONEOS_DEPLOYMENT_TARGET = 14.0;
				LD_RUNPATH_SEARCH_PATHS = (
					"$(inherited)",
					"@executable_path/Frameworks",
				);
				MARKETING_VERSION = 1.0;
				PRODUCT_BUNDLE_IDENTIFIER = Loic.testLBC;
				PRODUCT_NAME = "$(TARGET_NAME)";
				SWIFT_EMIT_LOC_STRINGS = YES;
				SWIFT_VERSION = 5.0;
				TARGETED_DEVICE_FAMILY = "1,2";
			};
			name = Debug;
		};
		DBC525F12A14D78C0007A75F /* Release */ = {
			isa = XCBuildConfiguration;
			buildSettings = {
				ASSETCATALOG_COMPILER_APPICON_NAME = AppIcon;
				ASSETCATALOG_COMPILER_GLOBAL_ACCENT_COLOR_NAME = AccentColor;
				CODE_SIGN_STYLE = Automatic;
				CURRENT_PROJECT_VERSION = 1;
				DEVELOPMENT_ASSET_PATHS = "\"testLBC/Preview Content\"";
				DEVELOPMENT_TEAM = LXUS44RH3Q;
				ENABLE_PREVIEWS = YES;
				GENERATE_INFOPLIST_FILE = YES;
				INFOPLIST_KEY_UIApplicationSceneManifest_Generation = YES;
				INFOPLIST_KEY_UIApplicationSupportsIndirectInputEvents = YES;
				INFOPLIST_KEY_UILaunchScreen_Generation = YES;
				INFOPLIST_KEY_UISupportedInterfaceOrientations_iPad = "UIInterfaceOrientationPortrait UIInterfaceOrientationPortraitUpsideDown UIInterfaceOrientationLandscapeLeft UIInterfaceOrientationLandscapeRight";
				INFOPLIST_KEY_UISupportedInterfaceOrientations_iPhone = "UIInterfaceOrientationPortrait UIInterfaceOrientationLandscapeLeft UIInterfaceOrientationLandscapeRight";
				IPHONEOS_DEPLOYMENT_TARGET = 14.0;
				LD_RUNPATH_SEARCH_PATHS = (
					"$(inherited)",
					"@executable_path/Frameworks",
				);
				MARKETING_VERSION = 1.0;
				PRODUCT_BUNDLE_IDENTIFIER = Loic.testLBC;
				PRODUCT_NAME = "$(TARGET_NAME)";
				SWIFT_EMIT_LOC_STRINGS = YES;
				SWIFT_VERSION = 5.0;
				TARGETED_DEVICE_FAMILY = "1,2";
			};
			name = Release;
		};
		DBC525F32A14D78C0007A75F /* Debug */ = {
			isa = XCBuildConfiguration;
			buildSettings = {
				ALWAYS_EMBED_SWIFT_STANDARD_LIBRARIES = YES;
				BUNDLE_LOADER = "$(TEST_HOST)";
				CODE_SIGN_STYLE = Automatic;
				CURRENT_PROJECT_VERSION = 1;
				DEVELOPMENT_TEAM = LXUS44RH3Q;
				GENERATE_INFOPLIST_FILE = YES;
				IPHONEOS_DEPLOYMENT_TARGET = 16.2;
				MARKETING_VERSION = 1.0;
				PRODUCT_BUNDLE_IDENTIFIER = Loic.testLBCTests;
				PRODUCT_NAME = "$(TARGET_NAME)";
				SWIFT_EMIT_LOC_STRINGS = NO;
				SWIFT_VERSION = 5.0;
				TARGETED_DEVICE_FAMILY = "1,2";
				TEST_HOST = "$(BUILT_PRODUCTS_DIR)/testLBC.app/$(BUNDLE_EXECUTABLE_FOLDER_PATH)/testLBC";
			};
			name = Debug;
		};
		DBC525F42A14D78C0007A75F /* Release */ = {
			isa = XCBuildConfiguration;
			buildSettings = {
				ALWAYS_EMBED_SWIFT_STANDARD_LIBRARIES = YES;
				BUNDLE_LOADER = "$(TEST_HOST)";
				CODE_SIGN_STYLE = Automatic;
				CURRENT_PROJECT_VERSION = 1;
				DEVELOPMENT_TEAM = LXUS44RH3Q;
				GENERATE_INFOPLIST_FILE = YES;
				IPHONEOS_DEPLOYMENT_TARGET = 16.2;
				MARKETING_VERSION = 1.0;
				PRODUCT_BUNDLE_IDENTIFIER = Loic.testLBCTests;
				PRODUCT_NAME = "$(TARGET_NAME)";
				SWIFT_EMIT_LOC_STRINGS = NO;
				SWIFT_VERSION = 5.0;
				TARGETED_DEVICE_FAMILY = "1,2";
				TEST_HOST = "$(BUILT_PRODUCTS_DIR)/testLBC.app/$(BUNDLE_EXECUTABLE_FOLDER_PATH)/testLBC";
			};
			name = Release;
		};
/* End XCBuildConfiguration section */

/* Begin XCConfigurationList section */
		DBC525C62A14D78A0007A75F /* Build configuration list for PBXProject "testLBC" */ = {
			isa = XCConfigurationList;
			buildConfigurations = (
				DBC525ED2A14D78C0007A75F /* Debug */,
				DBC525EE2A14D78C0007A75F /* Release */,
			);
			defaultConfigurationIsVisible = 0;
			defaultConfigurationName = Release;
		};
		DBC525EF2A14D78C0007A75F /* Build configuration list for PBXNativeTarget "testLBC" */ = {
			isa = XCConfigurationList;
			buildConfigurations = (
				DBC525F02A14D78C0007A75F /* Debug */,
				DBC525F12A14D78C0007A75F /* Release */,
			);
			defaultConfigurationIsVisible = 0;
			defaultConfigurationName = Release;
		};
		DBC525F22A14D78C0007A75F /* Build configuration list for PBXNativeTarget "testLBCTests" */ = {
			isa = XCConfigurationList;
			buildConfigurations = (
				DBC525F32A14D78C0007A75F /* Debug */,
				DBC525F42A14D78C0007A75F /* Release */,
			);
			defaultConfigurationIsVisible = 0;
			defaultConfigurationName = Release;
		};
/* End XCConfigurationList section */
	};
	rootObject = DBC525C32A14D78A0007A75F /* Project object */;
}
